# THIS IS AN AUTOGENERATED FILE. DO NOT EDIT THIS FILE DIRECTLY.
# yarn lockfile v1


"@assemblyscript/loader@^0.18.11":
  version "0.18.32"
  resolved "https://registry.yarnpkg.com/@assemblyscript/loader/-/loader-0.18.32.tgz#2216fc7df235df247c95004457efd9c0a7da33ed"
  integrity sha512-fq+nWvQuwASkTgchjMsnLyharobzPJIKx4KGoSlkS1ffrsnjabok2oOH7jAIFW4RMz3JXjHxMONbAmcxzyrcUw==

"@assemblyscript/loader@^0.19.5", "@assemblyscript/loader@^0.19.7":
  version "0.19.7"
  resolved "https://registry.yarnpkg.com/@assemblyscript/loader/-/loader-0.19.7.tgz#62239d3391b0978262f048931b58384c0735c88c"
  integrity sha512-/BdvOMHnfW3uIHFEgDPRbmA+BoQjuYpjKIZgI3p4sG8Jxgy9UuQW7cQUFx7dRlFUk/SBVCoB8N7412NgKyctqg==

as-console@^6.0.0:
  version "6.0.0"
  resolved "https://registry.yarnpkg.com/as-console/-/as-console-6.0.0.tgz#a56b80352836cea030fe3a7ab13b0d1cd0b89dcb"
  integrity sha512-C2C4VGOTwyiFjG8BO8bmLX/gYjRzyIJ7564LzUJ1wQJFv8CV5s2+49iPZm1q6LgNIzJuyHzoBhQ5wbt+jMwpEw==
  dependencies:
    "@assemblyscript/loader" "^0.19.5"
    assemblyscript "^0.19.5"

as-fetch@^1.0.8:
  version "1.0.8"
  resolved "https://registry.yarnpkg.com/as-fetch/-/as-fetch-1.0.8.tgz#84ddca79ca06a1612f3e2fde3d2547b74434032a"
  integrity sha512-B2ZiYjwSE6zvJzKYOyDBcIytN2DPEWlC62YZpGjdVbho3OiCF2Y3DKK6hPs73c2TtmnWVA0fXp6K2aT6fVkclg==
  dependencies:
    cross-fetch "^3.1.4"

asdom@^0.1.14:
  version "0.1.14"
  resolved "https://registry.yarnpkg.com/asdom/-/asdom-0.1.14.tgz#fe82d19be546a190c013f9eccf88c026fa0dc2d5"
  integrity sha512-rJAvXaz02flcngksO4I5XNwyYaKx02datENiZUfzUbHHC/h+gam5I+l94FIyIf8TaLcp8AUVwhRy4dWhmx+DuA==
  dependencies:
    "@assemblyscript/loader" "^0.18.11"

assemblyscript@^0.19.5, assemblyscript@^0.19.7:
  version "0.19.7"
  resolved "https://registry.yarnpkg.com/assemblyscript/-/assemblyscript-0.19.7.tgz#c57e95811eab917ca3b6a2db5b6fd0da37be8cf4"
  integrity sha512-0Vs27D9yIqxbwAx/zp2CNMCgR/Aa2cQlMZO+ctW30rhQ0/UOS/J9PkFXRxUVNMYj0xwEMT/Cq6l9flXO2ZJFcQ==
  dependencies:
    binaryen "101.0.0-nightly.20210703"
    long "^4.0.0"

binaryen@101.0.0-nightly.20210703:
  version "101.0.0-nightly.20210703"
  resolved "https://registry.yarnpkg.com/binaryen/-/binaryen-101.0.0-nightly.20210703.tgz#dd722063eb7594a65b7128b7e4506201e22c27f5"
  integrity sha512-7iuRy/aSsd8BlO0ZOG4GqDI8z66UhazD10eeC3i14SOhZJ+MLC3I+BX5ydr3nk9g5j2PDGndxuYvm0gy+VJHYg==

cross-fetch@^3.1.4:
  version "3.1.4"
  resolved "https://registry.yarnpkg.com/cross-fetch/-/cross-fetch-3.1.4.tgz#9723f3a3a247bf8b89039f3a380a9244e8fa2f39"
  integrity sha512-1eAtFWdIubi6T4XPy6ei9iUFoKpUkIF971QLN8lIvvvwueI65+Nw5haMNKUwfJxabqlIIDODJKGrQ66gxC0PbQ==
  dependencies:
    node-fetch "2.6.1"

ecmassembly@^0.1.9:
  version "0.1.9"
  resolved "https://registry.yarnpkg.com/ecmassembly/-/ecmassembly-0.1.9.tgz#74a902f02b7505a67c8abbcb31207fa9870fa5d8"
  integrity sha512-kgXkFmPzWMivO3qVvS/Pi2WrDs5DPyyxnn0KUnP4MHTZm/kWV7HyRe89gb63GSAqr69cO2DiTAUFGwH5vlU92A==
  dependencies:
    "@assemblyscript/loader" "^0.18.11"

long@^4.0.0:
  version "4.0.0"
  resolved "https://registry.yarnpkg.com/long/-/long-4.0.0.tgz#9a7b71cfb7d361a194ea555241c92f7468d5bf28"
  integrity sha512-XsP+KhQif4bjX1kbuSiySJFNAehNxgLb6hPRGJ9QsUr8ajHkuXGdrHmFUTUUXhDwVX2R5bY4JNZEwbUiMhV+MA==

node-fetch@2.6.1:
  version "2.6.1"
  resolved "https://registry.yarnpkg.com/node-fetch/-/node-fetch-2.6.1.tgz#045bd323631f76ed2e2b55573394416b639a0052"
  integrity sha512-V4aYg89jEoVRxRb2fJdAg8FHvI7cEyYdVAh94HH0UIK8oJxUfkjlDQN9RbMx+bEjP7+ggMiFRprSti032Oipxw==
